
Microsoft Visual Studio Solution File, Format Version 12.00
# Visual Studio Version 17
VisualStudioVersion = 17.14.36518.9
MinimumVisualStudioVersion = 10.0.40219.1
Project("{FAE04EC0-301F-11D3-BF4B-00C04F79EFBC}") = "finelytics", "finelytics\finelytics.csproj", "{87EDC895-C4C8-4BF3-BBFE-45CD3ED4B247}"
EndProject
Global
	GlobalSection(SolutionConfigurationPlatforms) = preSolution
		Debug|Any CPU = Debug|Any CPU
		Release|Any CPU = Release|Any CPU
	EndGlobalSection
	GlobalSection(ProjectConfigurationPlatforms) = postSolution
		{87EDC895-C4C8-4BF3-BBFE-45CD3ED4B247}.Debug|Any CPU.ActiveCfg = Debug|Any CPU
		{87EDC895-C4C8-4BF3-BBFE-45CD3ED4B247}.Debug|Any CPU.Build.0 = Debug|Any CPU
		{87EDC895-C4C8-4BF3-BBFE-45CD3ED4B247}.Release|Any CPU.ActiveCfg = Release|Any CPU
		{87EDC895-C4C8-4BF3-BBFE-45CD3ED4B247}.Release|Any CPU.Build.0 = Release|Any CPU
	EndGlobalSection
	GlobalSection(SolutionProperties) = preSolution
		HideSolutionNode = FALSE
	EndGlobalSection
	GlobalSection(ExtensibilityGlobals) = postSolution
		SolutionGuid = {2B519DF3-7304-494F-A896-61EE6F081C0B}
	EndGlobalSection
EndGlobal
