
Microsoft Visual Studio Solution File, Format Version 12.00
# Visual Studio Version 17
VisualStudioVersion = 17.14.36414.22 d17.14
MinimumVisualStudioVersion = 10.0.40219.1
Project("{FAE04EC0-301F-11D3-BF4B-00C04F79EFBC}") = "Finelytics", "Finelytics\Finelytics.csproj", "{E5806686-DD9D-4A37-B9F3-1ABDFCF27C25}"
EndProject
Global
	GlobalSection(SolutionConfigurationPlatforms) = preSolution
		Debug|Any CPU = Debug|Any CPU
		Release|Any CPU = Release|Any CPU
	EndGlobalSection
	GlobalSection(ProjectConfigurationPlatforms) = postSolution
		{E5806686-DD9D-4A37-B9F3-1ABDFCF27C25}.Debug|Any CPU.ActiveCfg = Debug|Any CPU
		{E5806686-DD9D-4A37-B9F3-1ABDFCF27C25}.Debug|Any CPU.Build.0 = Debug|Any CPU
		{E5806686-DD9D-4A37-B9F3-1ABDFCF27C25}.Release|Any CPU.ActiveCfg = Release|Any CPU
		{E5806686-DD9D-4A37-B9F3-1ABDFCF27C25}.Release|Any CPU.Build.0 = Release|Any CPU
	EndGlobalSection
	GlobalSection(SolutionProperties) = preSolution
		HideSolutionNode = FALSE
	EndGlobalSection
	GlobalSection(ExtensibilityGlobals) = postSolution
		SolutionGuid = {31211D67-DFF0-4934-B3D2-BE0842762650}
	EndGlobalSection
EndGlobal
